dependencies:
- name: loki
  repository: https://grafana.github.io/helm-charts
  version: 6.24.0
- name: grafana
  repository: https://grafana.github.io/helm-charts
  version: 8.8.2
digest: sha256:6fbe20bb0379be20999ff6fddd0d9b9465375b79b338c01ff8fe00c6dfdd8290
generated: "2025-01-05T21:51:29.241372276+01:00"
